
Microsoft Visual Studio Solution File, Format Version 12.00
# Visual Studio Express 2013 for Windows Desktop
VisualStudioVersion = 12.0.21005.1
MinimumVisualStudioVersion = 10.0.40219.1
Project("{8BC9CEB8-8B4A-11D0-8D11-00A0C91BC942}") = "COMDIF", "COMDIF\COMDIF.vcxproj", "{222435EF-5743-48B8-8206-DFB0D4E4946A}"
EndProject
Global
	GlobalSection(SolutionConfigurationPlatforms) = preSolution
		Debug|Win32 = Debug|Win32
		Release|Win32 = Release|Win32
	EndGlobalSection
	GlobalSection(ProjectConfigurationPlatforms) = postSolution
		{222435EF-5743-48B8-8206-DFB0D4E4946A}.Debug|Win32.ActiveCfg = Debug|Win32
		{222435EF-5743-48B8-8206-DFB0D4E4946A}.Debug|Win32.Build.0 = Debug|Win32
		{222435EF-5743-48B8-8206-DFB0D4E4946A}.Release|Win32.ActiveCfg = Release|Win32
		{222435EF-5743-48B8-8206-DFB0D4E4946A}.Release|Win32.Build.0 = Release|Win32
	EndGlobalSection
	GlobalSection(SolutionProperties) = preSolution
		HideSolutionNode = FALSE
	EndGlobalSection
EndGlobal
